
Microsoft Visual Studio Solution File, Format Version 12.00
Project("{FAE04EC0-301F-11D3-BF4B-00C04F79EFBC}") = "ChannelsPlayground.Benchmark", "ChannelsPlayground.Benchmark\ChannelsPlayground.Benchmark.csproj", "{29C8DE5B-ABEB-49CA-8679-E14BB264B471}"
EndProject
Global
	GlobalSection(SolutionConfigurationPlatforms) = preSolution
		Debug|Any CPU = Debug|Any CPU
		Release|Any CPU = Release|Any CPU
	EndGlobalSection
	GlobalSection(ProjectConfigurationPlatforms) = postSolution
		{29C8DE5B-ABEB-49CA-8679-E14BB264B471}.Debug|Any CPU.ActiveCfg = Debug|Any CPU
		{29C8DE5B-ABEB-49CA-8679-E14BB264B471}.Debug|Any CPU.Build.0 = Debug|Any CPU
		{29C8DE5B-ABEB-49CA-8679-E14BB264B471}.Release|Any CPU.ActiveCfg = Release|Any CPU
		{29C8DE5B-ABEB-49CA-8679-E14BB264B471}.Release|Any CPU.Build.0 = Release|Any CPU
	EndGlobalSection
EndGlobal
